PODS:
  - Gifu (3.0.0)
  - Nuke (6.1)
  - Nuke-Gifu-Plugin (2.0):
    - Gifu (~> 3.0)
    - Nuke (~> 6.0)

DEPENDENCIES:
  - Nuke-Gifu-Plugin (from `../`)

EXTERNAL SOURCES:
  Nuke-Gifu-Plugin:
    :path: ../

SPEC CHECKSUMS:
  Gifu: 6543ca2056a3d697097c09fe543ef49348ccc892
  Nuke: 0513c8d156bd9a2adb15db70622c3527f44542c5
  Nuke-Gifu-Plugin: a3b63b14ba094844d6b26b6cb9aef513ac4a0eca

PODFILE CHECKSUM: db758d7765a543ed889ea018b0e82214c4c60a1c

COCOAPODS: 1.4.0
